sdk: ^2.0.0-alpha.121
prefixes:
  e_paper: ..
  font_x11_adobe: pkg-font-x11-adobe
  pixel_display: toit-pixel-display
packages:
  ..:
    path: ..
    prefixes:
      pixel_display: toit-pixel-display
  pkg-font-x11-adobe:
    url: github.com/toitlang/pkg-font-x11-adobe
    name: font_x11_adobe
    version: 0.1.0
    hash: f844400722165252148f087cdf189abab0a47f3d
  toit-pixel-display:
    url: github.com/toitware/toit-pixel-display
    name: pixel_display
    version: 2.3.0
    hash: 4a6f7c4c30152ec3c80b6cbe765133ce9015dab0
    prefixes:
      png-tools: toit-png-tools
  toit-png-tools:
    url: github.com/toitware/toit-png-tools
    name: png-tools
    version: 1.0.0
    hash: ee472ac9d4333a138206f9d3a817d3c5432d6f87
